
Microsoft Visual Studio Solution File, Format Version 12.00
# Visual Studio Version 16
VisualStudioVersion = 16.0.30503.244
MinimumVisualStudioVersion = 10.0.40219.1
Project("{FAE04EC0-301F-11D3-BF4B-00C04F79EFBC}") = "Encrypt", "Encrypt.csproj", "{CFD60919-941F-49C4-A929-54253B8EEC48}"
EndProject
Global
	GlobalSection(SolutionConfigurationPlatforms) = preSolution
		Debug|Any CPU = Debug|Any CPU
		Release|Any CPU = Release|Any CPU
	EndGlobalSection
	GlobalSection(ProjectConfigurationPlatforms) = postSolution
		{CFD60919-941F-49C4-A929-54253B8EEC48}.Debug|Any CPU.ActiveCfg = Debug|Any CPU
		{CFD60919-941F-49C4-A929-54253B8EEC48}.Debug|Any CPU.Build.0 = Debug|Any CPU
		{CFD60919-941F-49C4-A929-54253B8EEC48}.Release|Any CPU.ActiveCfg = Release|Any CPU
		{CFD60919-941F-49C4-A929-54253B8EEC48}.Release|Any CPU.Build.0 = Release|Any CPU
	EndGlobalSection
	GlobalSection(SolutionProperties) = preSolution
		HideSolutionNode = FALSE
	EndGlobalSection
	GlobalSection(ExtensibilityGlobals) = postSolution
		SolutionGuid = {4D799B70-F343-459A-9039-A5EFF743274E}
	EndGlobalSection
EndGlobal
